
Microsoft Visual Studio Solution File, Format Version 12.00
# Visual Studio Version 17
VisualStudioVersion = 17.7.34031.279
MinimumVisualStudioVersion = 10.0.40219.1
Project("{9A19103F-16F7-4668-BE54-9A1E7A4F7556}") = "AppView", "AppView\AppView.csproj", "{EBE1A5DF-8F8A-4BC4-87A8-3ABB37D2DB5B}"
EndProject
Project("{9A19103F-16F7-4668-BE54-9A1E7A4F7556}") = "AppData", "AppData\AppData.csproj", "{93F05674-45A8-446E-AFFB-54B324F1575D}"
EndProject
Project("{9A19103F-16F7-4668-BE54-9A1E7A4F7556}") = "AppAPI", "AppAPI\AppAPI.csproj", "{2A4DDEC3-C7A0-4A28-BA5F-ECFC098B06C0}"
EndProject
Global
	GlobalSection(SolutionConfigurationPlatforms) = preSolution
		Debug|Any CPU = Debug|Any CPU
		Release|Any CPU = Release|Any CPU
	EndGlobalSection
	GlobalSection(ProjectConfigurationPlatforms) = postSolution
		{EBE1A5DF-8F8A-4BC4-87A8-3ABB37D2DB5B}.Debug|Any CPU.ActiveCfg = Debug|Any CPU
		{EBE1A5DF-8F8A-4BC4-87A8-3ABB37D2DB5B}.Debug|Any CPU.Build.0 = Debug|Any CPU
		{EBE1A5DF-8F8A-4BC4-87A8-3ABB37D2DB5B}.Release|Any CPU.ActiveCfg = Release|Any CPU
		{EBE1A5DF-8F8A-4BC4-87A8-3ABB37D2DB5B}.Release|Any CPU.Build.0 = Release|Any CPU
		{93F05674-45A8-446E-AFFB-54B324F1575D}.Debug|Any CPU.ActiveCfg = Debug|Any CPU
		{93F05674-45A8-446E-AFFB-54B324F1575D}.Debug|Any CPU.Build.0 = Debug|Any CPU
		{93F05674-45A8-446E-AFFB-54B324F1575D}.Release|Any CPU.ActiveCfg = Release|Any CPU
		{93F05674-45A8-446E-AFFB-54B324F1575D}.Release|Any CPU.Build.0 = Release|Any CPU
		{2A4DDEC3-C7A0-4A28-BA5F-ECFC098B06C0}.Debug|Any CPU.ActiveCfg = Debug|Any CPU
		{2A4DDEC3-C7A0-4A28-BA5F-ECFC098B06C0}.Debug|Any CPU.Build.0 = Debug|Any CPU
		{2A4DDEC3-C7A0-4A28-BA5F-ECFC098B06C0}.Release|Any CPU.ActiveCfg = Release|Any CPU
		{2A4DDEC3-C7A0-4A28-BA5F-ECFC098B06C0}.Release|Any CPU.Build.0 = Release|Any CPU
	EndGlobalSection
	GlobalSection(SolutionProperties) = preSolution
		HideSolutionNode = FALSE
	EndGlobalSection
	GlobalSection(ExtensibilityGlobals) = postSolution
		SolutionGuid = {E087B378-D34B-47CC-A2F9-7D7D399F8F2E}
	EndGlobalSection
EndGlobal
